# THIS IS AN AUTOGENERATED FILE. DO NOT EDIT THIS FILE DIRECTLY.
# yarn lockfile v1


"@humanwhocodes/momoa@^1.0.0":
  version "1.0.0"
  resolved "https://registry.yarnpkg.com/@humanwhocodes/momoa/-/momoa-1.0.0.tgz#dda5d713eb2fc046162ed7ec6e3806031eed6415"
  integrity sha512-aSqGcg9O0SCQPxBn0hFoNTIqFJ5Em12Y8+QjrfedKwZgwy+IocqXl6uIP5EREnHD3PR/0wlZelmTtWMvX+5/7Q==
