# THIS IS AN AUTOGENERATED FILE. DO NOT EDIT THIS FILE DIRECTLY.
# yarn lockfile v1


"@colors/colors@1.5.0":
  "integrity" "sha512-ooWCrlZP11i8GImSjTHYHLkvFDP48nS4+204nGb1RiX/WXYHmJA2III9/e2DWVabCESdW7hBAEzHRqUn9OUVvQ=="
  "resolved" "https://registry.npmjs.org/@colors/colors/-/colors-1.5.0.tgz"
  "version" "1.5.0"

"@dabh/diagnostics@^2.0.2":
  "integrity" "sha512-hrlQOIi7hAfzsMqlGSFyVucrx38O+j6wiGOf//H2ecvIEqYN4ADBSS2iLMh5UFyDunCNniUIPk/q3riFv45xRA=="
  "resolved" "https://registry.npmjs.org/@dabh/diagnostics/-/diagnostics-2.0.3.tgz"
  "version" "2.0.3"
  dependencies:
    "colorspace" "1.1.x"
    "enabled" "2.0.x"
    "kuler" "^2.0.0"

"accepts@~1.3.3":
  "integrity" "sha1-w8p0NJOGSMPg2cHjKN1otiLChMo="
  "resolved" "https://registry.npmjs.org/accepts/-/accepts-1.3.3.tgz"
  "version" "1.3.3"
  dependencies:
    "mime-types" "~2.1.11"
    "negotiator" "0.6.1"

"array-flatten@1.1.1":
  "integrity" "sha1-ml9pkFGx5wczKPKgCJaLZOopVdI="
  "resolved" "https://registry.npmjs.org/array-flatten/-/array-flatten-1.1.1.tgz"
  "version" "1.1.1"

"async@^3.2.3":
  "integrity" "sha512-spZRyzKL5l5BZQrr/6m/SqFdBN0q3OCI0f9rjfBzCMBIP4p75P620rR3gTmaksNOhmzgdxcaxdNfMy6anrbM0g=="
  "resolved" "https://registry.npmjs.org/async/-/async-3.2.3.tgz"
  "version" "3.2.3"

"axios@^0.15.2":
  "integrity" "sha1-LJ1jiy4ZGgjqHWzJiOrda6W9wFM="
  "resolved" "https://registry.npmjs.org/axios/-/axios-0.15.3.tgz"
  "version" "0.15.3"
  dependencies:
    "follow-redirects" "1.0.0"

"body-parser@^1.15.2":
  "integrity" "sha1-11eM9PHRHV9uqATO813Hp/9trmc="
  "resolved" "https://registry.npmjs.org/body-parser/-/body-parser-1.15.2.tgz"
  "version" "1.15.2"
  dependencies:
    "bytes" "2.4.0"
    "content-type" "~1.0.2"
    "debug" "~2.2.0"
    "depd" "~1.1.0"
    "http-errors" "~1.5.0"
    "iconv-lite" "0.4.13"
    "on-finished" "~2.3.0"
    "qs" "6.2.0"
    "raw-body" "~2.1.7"
    "type-is" "~1.6.13"

"bytes@2.4.0":
  "integrity" "sha1-fZcZb51br39pNeJZhVSe3SpsIzk="
  "resolved" "https://registry.npmjs.org/bytes/-/bytes-2.4.0.tgz"
  "version" "2.4.0"

"color-convert@^1.9.3":
  "integrity" "sha512-QfAUtd+vFdAtFQcC8CCyYt1fYWxSqAiK2cSD6zDB8N3cpsEBAvRxp9zOGg6G/SHHJYAT88/az/IuDGALsNVbGg=="
  "resolved" "https://registry.npmjs.org/color-convert/-/color-convert-1.9.3.tgz"
  "version" "1.9.3"
  dependencies:
    "color-name" "1.1.3"

"color-name@^1.0.0", "color-name@1.1.3":
  "integrity" "sha1-p9BVi9icQveV3UIyj3QIMcpTvCU="
  "resolved" "https://registry.npmjs.org/color-name/-/color-name-1.1.3.tgz"
  "version" "1.1.3"

"color-string@^1.6.0":
  "integrity" "sha512-9Mrz2AQLefkH1UvASKj6v6hj/7eWgjnT/cVsR8CumieLoT+g900exWeNogqtweI8dxloXN9BDQTYro1oWu/5CQ=="
  "resolved" "https://registry.npmjs.org/color-string/-/color-string-1.9.0.tgz"
  "version" "1.9.0"
  dependencies:
    "color-name" "^1.0.0"
    "simple-swizzle" "^0.2.2"

"color@^3.1.3":
  "integrity" "sha512-aBl7dZI9ENN6fUGC7mWpMTPNHmWUSNan9tuWN6ahh5ZLNk9baLJOnSMlrQkHcrfFgz2/RigjUVAjdx36VcemKA=="
  "resolved" "https://registry.npmjs.org/color/-/color-3.2.1.tgz"
  "version" "3.2.1"
  dependencies:
    "color-convert" "^1.9.3"
    "color-string" "^1.6.0"

"colorspace@1.1.x":
  "integrity" "sha512-BgvKJiuVu1igBUF2kEjRCZXol6wiiGbY5ipL/oVPwm0BL9sIpMIzM8IK7vwuxIIzOXMV3Ey5w+vxhm0rR/TN8w=="
  "resolved" "https://registry.npmjs.org/colorspace/-/colorspace-1.1.4.tgz"
  "version" "1.1.4"
  dependencies:
    "color" "^3.1.3"
    "text-hex" "1.0.x"

"content-disposition@0.5.1":
  "integrity" "sha1-h0dsamfI2qh+Muh2Ft+IO6f7Bxs="
  "resolved" "https://registry.npmjs.org/content-disposition/-/content-disposition-0.5.1.tgz"
  "version" "0.5.1"

"content-type@~1.0.2":
  "integrity" "sha1-t9ETrueo3Se9IRM8TcJSnfFyHu0="
  "resolved" "https://registry.npmjs.org/content-type/-/content-type-1.0.2.tgz"
  "version" "1.0.2"

"cookie-signature@1.0.6":
  "integrity" "sha1-4wOogrNCzD7oylE6eZmXNNqzriw="
  "resolved" "https://registry.npmjs.org/cookie-signature/-/cookie-signature-1.0.6.tgz"
  "version" "1.0.6"

"cookie@0.3.1":
  "integrity" "sha1-5+Ch+e9DtMi6klxcWpboBtFoc7s="
  "resolved" "https://registry.npmjs.org/cookie/-/cookie-0.3.1.tgz"
  "version" "0.3.1"

"debug@^2.2.0", "debug@~2.2.0":
  "integrity" "sha1-+HBX6ZWxofauaklgZkE3vFbwOdo="
  "resolved" "https://registry.npmjs.org/debug/-/debug-2.2.0.tgz"
  "version" "2.2.0"
  dependencies:
    "ms" "0.7.1"

"depd@~1.1.0":
  "integrity" "sha1-4b2Cxqq2ztlluXuIsX7T5SjKGMM="
  "resolved" "https://registry.npmjs.org/depd/-/depd-1.1.0.tgz"
  "version" "1.1.0"

"destroy@~1.0.4":
  "integrity" "sha1-l4hXRCxEdJ5CBmE+N5RiBYJqvYA="
  "resolved" "https://registry.npmjs.org/destroy/-/destroy-1.0.4.tgz"
  "version" "1.0.4"

"ee-first@1.1.1":
  "integrity" "sha1-WQxhFWsK4vTwJVcyoViyZrxWsh0="
  "resolved" "https://registry.npmjs.org/ee-first/-/ee-first-1.1.1.tgz"
  "version" "1.1.1"

"enabled@2.0.x":
  "integrity" "sha512-AKrN98kuwOzMIdAizXGI86UFBoo26CL21UM763y1h/GMSJ4/OHU9k2YlsmBpyScFo/wbLzWQJBMCW4+IO3/+OQ=="
  "resolved" "https://registry.npmjs.org/enabled/-/enabled-2.0.0.tgz"
  "version" "2.0.0"

"encodeurl@~1.0.1":
  "integrity" "sha1-eePVhlU0aQn+bw9Fpd5oEDspTSA="
  "resolved" "https://registry.npmjs.org/encodeurl/-/encodeurl-1.0.1.tgz"
  "version" "1.0.1"

"escape-html@~1.0.3":
  "integrity" "sha1-Aljq5NPQwJdN4cFpGI7wBR0dGYg="
  "resolved" "https://registry.npmjs.org/escape-html/-/escape-html-1.0.3.tgz"
  "version" "1.0.3"

"etag@~1.7.0":
  "integrity" "sha1-A9MLX2fdbmMtKUXTDWZScxo01dg="
  "resolved" "https://registry.npmjs.org/etag/-/etag-1.7.0.tgz"
  "version" "1.7.0"

"express@^4.14.0":
  "integrity" "sha1-we4/Qs3Ikfs9xlCoki1R7IR9DWY="
  "resolved" "https://registry.npmjs.org/express/-/express-4.14.0.tgz"
  "version" "4.14.0"
  dependencies:
    "accepts" "~1.3.3"
    "array-flatten" "1.1.1"
    "content-disposition" "0.5.1"
    "content-type" "~1.0.2"
    "cookie" "0.3.1"
    "cookie-signature" "1.0.6"
    "debug" "~2.2.0"
    "depd" "~1.1.0"
    "encodeurl" "~1.0.1"
    "escape-html" "~1.0.3"
    "etag" "~1.7.0"
    "finalhandler" "0.5.0"
    "fresh" "0.3.0"
    "merge-descriptors" "1.0.1"
    "methods" "~1.1.2"
    "on-finished" "~2.3.0"
    "parseurl" "~1.3.1"
    "path-to-regexp" "0.1.7"
    "proxy-addr" "~1.1.2"
    "qs" "6.2.0"
    "range-parser" "~1.2.0"
    "send" "0.14.1"
    "serve-static" "~1.11.1"
    "type-is" "~1.6.13"
    "utils-merge" "1.0.0"
    "vary" "~1.1.0"

"fecha@^4.2.0":
  "integrity" "sha512-MMMQ0ludy/nBs1/o0zVOiKTpG7qMbonKUzjJgQFEuvq6INZ1OraKPRAWkBq5vlKLOUMpmNYG1JoN3oDPUQ9m3Q=="
  "resolved" "https://registry.npmjs.org/fecha/-/fecha-4.2.1.tgz"
  "version" "4.2.1"

"finalhandler@0.5.0":
  "integrity" "sha1-6VCKvs6bbbqHGmlCodeRG5GRGsc="
  "resolved" "https://registry.npmjs.org/finalhandler/-/finalhandler-0.5.0.tgz"
  "version" "0.5.0"
  dependencies:
    "debug" "~2.2.0"
    "escape-html" "~1.0.3"
    "on-finished" "~2.3.0"
    "statuses" "~1.3.0"
    "unpipe" "~1.0.0"

"fn.name@1.x.x":
  "integrity" "sha512-GRnmB5gPyJpAhTQdSZTSp9uaPSvl09KoYcMQtsB9rQoOmzs9dH6ffeccH+Z+cv6P68Hu5bC6JjRh4Ah/mHSNRw=="
  "resolved" "https://registry.npmjs.org/fn.name/-/fn.name-1.1.0.tgz"
  "version" "1.1.0"

"follow-redirects@1.0.0":
  "integrity" "sha1-jjQpjL0uF28lTv/sdaHHjMhJ/Tc="
  "resolved" "https://registry.npmjs.org/follow-redirects/-/follow-redirects-1.0.0.tgz"
  "version" "1.0.0"
  dependencies:
    "debug" "^2.2.0"

"forwarded@~0.1.0":
  "integrity" "sha1-Ge+YdMSuHCl7zweP3mOgm2aoQ2M="
  "resolved" "https://registry.npmjs.org/forwarded/-/forwarded-0.1.0.tgz"
  "version" "0.1.0"

"fresh@0.3.0":
  "integrity" "sha1-ZR+DjiJCTnVm3hYdg1jKoZn4PU8="
  "resolved" "https://registry.npmjs.org/fresh/-/fresh-0.3.0.tgz"
  "version" "0.3.0"

"github-api@https://github.com/fkling/github.git":
  "integrity" "sha512-pOL+SWaKl3fbvOmYywpzDWfjbPP1OYVJFAOjwh5fxY/zjNnTROtzf6B22729+KD8w/DQ9GOjwcIV9Dr0lnOj6g=="
  "resolved" "git+ssh://git@github.com/fkling/github.git"
  "version" "3.1.0"
  dependencies:
    "axios" "^0.15.2"
    "debug" "^2.2.0"
    "js-base64" "^2.1.9"
    "utf8" "^2.1.1"

"http-errors@~1.5.0":
  "integrity" "sha1-eIwNLB3iyBuebowBhDtrl+uSB1A="
  "resolved" "https://registry.npmjs.org/http-errors/-/http-errors-1.5.1.tgz"
  "version" "1.5.1"
  dependencies:
    "inherits" "2.0.3"
    "setprototypeof" "1.0.2"
    "statuses" ">= 1.3.1 < 2"

"iconv-lite@0.4.13":
  "integrity" "sha1-H4irpKsLFQjoMSrMOTRfNumS4vI="
  "resolved" "https://registry.npmjs.org/iconv-lite/-/iconv-lite-0.4.13.tgz"
  "version" "0.4.13"

"inherits@^2.0.3", "inherits@2.0.3":
  "integrity" "sha1-Yzwsg+PaQqUC9SRmAiSA9CCCYd4="
  "resolved" "https://registry.npmjs.org/inherits/-/inherits-2.0.3.tgz"
  "version" "2.0.3"

"ipaddr.js@1.2.0":
  "integrity" "sha1-irpJyRknmVhb3WQ+DMtQ6K53e6Q="
  "resolved" "https://registry.npmjs.org/ipaddr.js/-/ipaddr.js-1.2.0.tgz"
  "version" "1.2.0"

"is-arrayish@^0.3.1":
  "integrity" "sha512-eVRqCvVlZbuw3GrM63ovNSNAeA1K16kaR/LRY/92w0zxQ5/1YzwblUX652i4Xs9RwAGjW9d9y6X88t8OaAJfWQ=="
  "resolved" "https://registry.npmjs.org/is-arrayish/-/is-arrayish-0.3.2.tgz"
  "version" "0.3.2"

"is-stream@^2.0.0":
  "integrity" "sha512-hFoiJiTl63nn+kstHGBtewWSKnQLpyb155KHheA1l39uvtO9nWIop1p3udqPcUd/xbF1VLMO4n7OI6p7RbngDg=="
  "resolved" "https://registry.npmjs.org/is-stream/-/is-stream-2.0.1.tgz"
  "version" "2.0.1"

"js-base64@^2.1.9":
  "integrity" "sha1-8OgK4DmkvWVLXygfyT8EqRSn/M4="
  "resolved" "https://registry.npmjs.org/js-base64/-/js-base64-2.1.9.tgz"
  "version" "2.1.9"

"kuler@^2.0.0":
  "integrity" "sha512-Xq9nH7KlWZmXAtodXDDRE7vs6DU1gTU8zYDHDiWLSip45Egwq3plLHzPn27NgvzL2r1LMPC1vdqh98sQxtqj4A=="
  "resolved" "https://registry.npmjs.org/kuler/-/kuler-2.0.0.tgz"
  "version" "2.0.0"

"logform@^2.3.2", "logform@^2.4.0":
  "integrity" "sha512-CPSJw4ftjf517EhXZGGvTHHkYobo7ZCc0kvwUoOYcjfR2UVrI66RHj8MCrfAdEitdmFqbu2BYdYs8FHHZSb6iw=="
  "resolved" "https://registry.npmjs.org/logform/-/logform-2.4.0.tgz"
  "version" "2.4.0"
  dependencies:
    "@colors/colors" "1.5.0"
    "fecha" "^4.2.0"
    "ms" "^2.1.1"
    "safe-stable-stringify" "^2.3.1"
    "triple-beam" "^1.3.0"

"media-typer@0.3.0":
  "integrity" "sha1-hxDXrwqmJvj/+hzgAWhUUmMlV0g="
  "resolved" "https://registry.npmjs.org/media-typer/-/media-typer-0.3.0.tgz"
  "version" "0.3.0"

"merge-descriptors@1.0.1":
  "integrity" "sha1-sAqqVW3YtEVoFQ7J0blT8/kMu2E="
  "resolved" "https://registry.npmjs.org/merge-descriptors/-/merge-descriptors-1.0.1.tgz"
  "version" "1.0.1"

"methods@~1.1.2":
  "integrity" "sha1-VSmk1nZUE07cxSZmVoNbD4Ua/O4="
  "resolved" "https://registry.npmjs.org/methods/-/methods-1.1.2.tgz"
  "version" "1.1.2"

"mime-db@~1.26.0":
  "integrity" "sha1-6v/NDk/Gk1z4E02iRuLmw1MFrf8="
  "resolved" "https://registry.npmjs.org/mime-db/-/mime-db-1.26.0.tgz"
  "version" "1.26.0"

"mime-types@~2.1.11", "mime-types@~2.1.13":
  "integrity" "sha1-9+99l1g/yvO30oK2+LVnnaselO4="
  "resolved" "https://registry.npmjs.org/mime-types/-/mime-types-2.1.14.tgz"
  "version" "2.1.14"
  dependencies:
    "mime-db" "~1.26.0"

"mime@1.3.4":
  "integrity" "sha1-EV+eO2s9rylZmDyzjxSaLUDrXVM="
  "resolved" "https://registry.npmjs.org/mime/-/mime-1.3.4.tgz"
  "version" "1.3.4"

"ms@^2.1.1":
  "integrity" "sha512-6FlzubTLZG3J2a/NVCAleEhjzq5oxgHyaCU9yYXvcLsvoVaHJq/s5xXI6/XXP6tz7R9xAOtHnSO/tXtF3WRTlA=="
  "resolved" "https://registry.npmjs.org/ms/-/ms-2.1.3.tgz"
  "version" "2.1.3"

"ms@0.7.1":
  "integrity" "sha1-nNE8A62/8ltl7/3nzoZO6VIBcJg="
  "resolved" "https://registry.npmjs.org/ms/-/ms-0.7.1.tgz"
  "version" "0.7.1"

"negotiator@0.6.1":
  "integrity" "sha1-KzJxhOiZIQEXeyhWP7XnECrNDKk="
  "resolved" "https://registry.npmjs.org/negotiator/-/negotiator-0.6.1.tgz"
  "version" "0.6.1"

"on-finished@~2.3.0":
  "integrity" "sha1-IPEzZIGwg811M3mSoWlxqi2QaUc="
  "resolved" "https://registry.npmjs.org/on-finished/-/on-finished-2.3.0.tgz"
  "version" "2.3.0"
  dependencies:
    "ee-first" "1.1.1"

"one-time@^1.0.0":
  "integrity" "sha512-5DXOiRKwuSEcQ/l0kGCF6Q3jcADFv5tSmRaJck/OqkVFcOzutB134KRSfF0xDrL39MNnqxbHBbUUcjZIhTgb2g=="
  "resolved" "https://registry.npmjs.org/one-time/-/one-time-1.0.0.tgz"
  "version" "1.0.0"
  dependencies:
    "fn.name" "1.x.x"

"parseurl@~1.3.1":
  "integrity" "sha1-yKuMkiO6NIiKpkopeyiFO+wY2lY="
  "resolved" "https://registry.npmjs.org/parseurl/-/parseurl-1.3.1.tgz"
  "version" "1.3.1"

"path-to-regexp@0.1.7":
  "integrity" "sha1-32BBeABfUi8V60SQ5yR6G/qmf4w="
  "resolved" "https://registry.npmjs.org/path-to-regexp/-/path-to-regexp-0.1.7.tgz"
  "version" "0.1.7"

"proxy-addr@~1.1.2":
  "integrity" "sha1-3JdQL1ci6IhGez+iKXp7H/R98HQ="
  "resolved" "https://registry.npmjs.org/proxy-addr/-/proxy-addr-1.1.3.tgz"
  "version" "1.1.3"
  dependencies:
    "forwarded" "~0.1.0"
    "ipaddr.js" "1.2.0"

"qs@6.2.0":
  "integrity" "sha1-O3hIwDwt7OaalSKw+ujEEm10Xzs="
  "resolved" "https://registry.npmjs.org/qs/-/qs-6.2.0.tgz"
  "version" "6.2.0"

"range-parser@~1.2.0":
  "integrity" "sha1-9JvmtIeJTdxA3MlKMi9hEJLgDV4="
  "resolved" "https://registry.npmjs.org/range-parser/-/range-parser-1.2.0.tgz"
  "version" "1.2.0"

"raw-body@~2.1.7":
  "integrity" "sha1-rf6s4uT7MJgFgBTQjActzFl1h3Q="
  "resolved" "https://registry.npmjs.org/raw-body/-/raw-body-2.1.7.tgz"
  "version" "2.1.7"
  dependencies:
    "bytes" "2.4.0"
    "iconv-lite" "0.4.13"
    "unpipe" "1.0.0"

"readable-stream@^3.4.0", "readable-stream@^3.6.0":
  "integrity" "sha512-BViHy7LKeTz4oNnkcLJ+lVSL6vpiFeX6/d3oSH8zCW7UxP2onchk+vTGB143xuFjHS3deTgkKoXXymXqymiIdA=="
  "resolved" "https://registry.npmjs.org/readable-stream/-/readable-stream-3.6.0.tgz"
  "version" "3.6.0"
  dependencies:
    "inherits" "^2.0.3"
    "string_decoder" "^1.1.1"
    "util-deprecate" "^1.0.1"

"safe-buffer@~5.2.0":
  "integrity" "sha512-rp3So07KcdmmKbGvgaNxQSJr7bGVSVk5S9Eq1F+ppbRo70+YeaDxkw5Dd8NPN+GD6bjnYm2VuPuCXmpuYvmCXQ=="
  "resolved" "https://registry.npmjs.org/safe-buffer/-/safe-buffer-5.2.1.tgz"
  "version" "5.2.1"

"safe-stable-stringify@^2.3.1":
  "integrity" "sha512-kYBSfT+troD9cDA85VDnHZ1rpHC50O0g1e6WlGHVCz/g+JS+9WKLj+XwFYyR8UbrZN8ll9HUpDAAddY58MGisg=="
  "resolved" "https://registry.npmjs.org/safe-stable-stringify/-/safe-stable-stringify-2.3.1.tgz"
  "version" "2.3.1"

"send@0.14.1":
  "integrity" "sha1-qVSYQyU5L1FTKndgdg5FlZjIn3o="
  "resolved" "https://registry.npmjs.org/send/-/send-0.14.1.tgz"
  "version" "0.14.1"
  dependencies:
    "debug" "~2.2.0"
    "depd" "~1.1.0"
    "destroy" "~1.0.4"
    "encodeurl" "~1.0.1"
    "escape-html" "~1.0.3"
    "etag" "~1.7.0"
    "fresh" "0.3.0"
    "http-errors" "~1.5.0"
    "mime" "1.3.4"
    "ms" "0.7.1"
    "on-finished" "~2.3.0"
    "range-parser" "~1.2.0"
    "statuses" "~1.3.0"

"serve-static@~1.11.1":
  "integrity" "sha1-1sznaTUF9zPHWd5Xvvwa92wPCAU="
  "resolved" "https://registry.npmjs.org/serve-static/-/serve-static-1.11.1.tgz"
  "version" "1.11.1"
  dependencies:
    "encodeurl" "~1.0.1"
    "escape-html" "~1.0.3"
    "parseurl" "~1.3.1"
    "send" "0.14.1"

"setprototypeof@1.0.2":
  "integrity" "sha1-gaVSFB7BBLiOic44MQOtXGZWTQg="
  "resolved" "https://registry.npmjs.org/setprototypeof/-/setprototypeof-1.0.2.tgz"
  "version" "1.0.2"

"simple-swizzle@^0.2.2":
  "integrity" "sha1-pNprY1/8zMoz9w0Xy5JZLeleVXo="
  "resolved" "https://registry.npmjs.org/simple-swizzle/-/simple-swizzle-0.2.2.tgz"
  "version" "0.2.2"
  dependencies:
    "is-arrayish" "^0.3.1"

"stack-trace@0.0.x":
  "integrity" "sha1-VHxws0fo0ytOEI6hoqFZ5f3eGcA="
  "resolved" "https://registry.npmjs.org/stack-trace/-/stack-trace-0.0.10.tgz"
  "version" "0.0.10"

"statuses@>= 1.3.1 < 2", "statuses@~1.3.0":
  "integrity" "sha1-+vUbnrdKrvOzrPStX2Gr8ky3uT4="
  "resolved" "https://registry.npmjs.org/statuses/-/statuses-1.3.1.tgz"
  "version" "1.3.1"

"string_decoder@^1.1.1":
  "integrity" "sha512-hkRX8U1WjJFd8LsDJ2yQ/wWWxaopEsABU1XfkM8A+j0+85JAGppt16cr1Whg6KIbb4okU6Mql6BOj+uup/wKeA=="
  "resolved" "https://registry.npmjs.org/string_decoder/-/string_decoder-1.3.0.tgz"
  "version" "1.3.0"
  dependencies:
    "safe-buffer" "~5.2.0"

"text-hex@1.0.x":
  "integrity" "sha512-uuVGNWzgJ4yhRaNSiubPY7OjISw4sw4E5Uv0wbjp+OzcbmVU/rsT8ujgcXJhn9ypzsgr5vlzpPqP+MBBKcGvbg=="
  "resolved" "https://registry.npmjs.org/text-hex/-/text-hex-1.0.0.tgz"
  "version" "1.0.0"

"triple-beam@^1.3.0":
  "integrity" "sha512-XrHUvV5HpdLmIj4uVMxHggLbFSZYIn7HEWsqePZcI50pco+MPqJ50wMGY794X7AOOhxOBAjbkqfAbEe/QMp2Lw=="
  "resolved" "https://registry.npmjs.org/triple-beam/-/triple-beam-1.3.0.tgz"
  "version" "1.3.0"

"type-is@~1.6.13":
  "integrity" "sha1-4hljnBfe0coHiQkt1UoDgmuBfLI="
  "resolved" "https://registry.npmjs.org/type-is/-/type-is-1.6.14.tgz"
  "version" "1.6.14"
  dependencies:
    "media-typer" "0.3.0"
    "mime-types" "~2.1.13"

"unpipe@~1.0.0", "unpipe@1.0.0":
  "integrity" "sha1-sr9O6FFKrmFltIF4KdIbLvSZBOw="
  "resolved" "https://registry.npmjs.org/unpipe/-/unpipe-1.0.0.tgz"
  "version" "1.0.0"

"utf8@^2.1.1":
  "integrity" "sha1-H6DZJw6b6FDZsFAn9jUZv0ZFfZY="
  "resolved" "https://registry.npmjs.org/utf8/-/utf8-2.1.2.tgz"
  "version" "2.1.2"

"util-deprecate@^1.0.1":
  "integrity" "sha1-RQ1Nyfpw3nMnYvvS1KKJgUGaDM8="
  "resolved" "https://registry.npmjs.org/util-deprecate/-/util-deprecate-1.0.2.tgz"
  "version" "1.0.2"

"utils-merge@1.0.0":
  "integrity" "sha1-ApT7kiu5N1FTVBxPcJYjHyh8ivg="
  "resolved" "https://registry.npmjs.org/utils-merge/-/utils-merge-1.0.0.tgz"
  "version" "1.0.0"

"vary@~1.1.0":
  "integrity" "sha1-4eWv+70WrnaN0mdDlLmtMCJlMUA="
  "resolved" "https://registry.npmjs.org/vary/-/vary-1.1.0.tgz"
  "version" "1.1.0"

"winston-transport@^4.5.0":
  "integrity" "sha512-YpZzcUzBedhlTAfJg6vJDlyEai/IFMIVcaEZZyl3UXIl4gmqRpU7AE89AHLkbzLUsv0NVmw7ts+iztqKxxPW1Q=="
  "resolved" "https://registry.npmjs.org/winston-transport/-/winston-transport-4.5.0.tgz"
  "version" "4.5.0"
  dependencies:
    "logform" "^2.3.2"
    "readable-stream" "^3.6.0"
    "triple-beam" "^1.3.0"

"winston@^3.6.0":
  "integrity" "sha512-9j8T75p+bcN6D00sF/zjFVmPp+t8KMPB1MzbbzYjeN9VWxdsYnTB40TkbNUEXAmILEfChMvAMgidlX64OG3p6w=="
  "resolved" "https://registry.npmjs.org/winston/-/winston-3.6.0.tgz"
  "version" "3.6.0"
  dependencies:
    "@dabh/diagnostics" "^2.0.2"
    "async" "^3.2.3"
    "is-stream" "^2.0.0"
    "logform" "^2.4.0"
    "one-time" "^1.0.0"
    "readable-stream" "^3.4.0"
    "safe-stable-stringify" "^2.3.1"
    "stack-trace" "0.0.x"
    "triple-beam" "^1.3.0"
    "winston-transport" "^4.5.0"
